
Microsoft Visual Studio Solution File, Format Version 12.00
# Visual Studio Version 16
VisualStudioVersion = 16.0.31702.278
MinimumVisualStudioVersion = 10.0.40219.1
Project("{FAE04EC0-301F-11D3-BF4B-00C04F79EFBC}") = "Cache", "Cache\Cache.csproj", "{116D5E5F-FD48-4388-AFFF-C2C391524164}"
EndProject
Project("{FAE04EC0-301F-11D3-BF4B-00C04F79EFBC}") = "Cache.Utils", "Cache.Utils\Cache.Utils.csproj", "{B853A06E-DB57-465E-A445-F042DC9E8DCB}"
EndProject
Global
	GlobalSection(SolutionConfigurationPlatforms) = preSolution
		Debug|Any CPU = Debug|Any CPU
		Release|Any CPU = Release|Any CPU
	EndGlobalSection
	GlobalSection(ProjectConfigurationPlatforms) = postSolution
		{116D5E5F-FD48-4388-AFFF-C2C391524164}.Debug|Any CPU.ActiveCfg = Debug|Any CPU
		{116D5E5F-FD48-4388-AFFF-C2C391524164}.Debug|Any CPU.Build.0 = Debug|Any CPU
		{116D5E5F-FD48-4388-AFFF-C2C391524164}.Release|Any CPU.ActiveCfg = Release|Any CPU
		{116D5E5F-FD48-4388-AFFF-C2C391524164}.Release|Any CPU.Build.0 = Release|Any CPU
		{B853A06E-DB57-465E-A445-F042DC9E8DCB}.Debug|Any CPU.ActiveCfg = Debug|Any CPU
		{B853A06E-DB57-465E-A445-F042DC9E8DCB}.Debug|Any CPU.Build.0 = Debug|Any CPU
		{B853A06E-DB57-465E-A445-F042DC9E8DCB}.Release|Any CPU.ActiveCfg = Release|Any CPU
		{B853A06E-DB57-465E-A445-F042DC9E8DCB}.Release|Any CPU.Build.0 = Release|Any CPU
	EndGlobalSection
	GlobalSection(SolutionProperties) = preSolution
		HideSolutionNode = FALSE
	EndGlobalSection
	GlobalSection(ExtensibilityGlobals) = postSolution
		SolutionGuid = {2B5F4823-339B-4ACF-A9E8-D2164FA6AD6D}
	EndGlobalSection
EndGlobal
